
Microsoft Visual Studio Solution File, Format Version 12.00
# Visual Studio Version 17
VisualStudioVersion = 17.0.31903.59
MinimumVisualStudioVersion = 10.0.40219.1
Project("{FAE04EC0-301F-11D3-BF4B-00C04F79EFBC}") = "PetFamily.Web", "src\PetFamily.Web\PetFamily.Web.csproj", "{9CC75E2F-A1A1-4C17-97E0-81F9A7D16AF2}"
EndProject
Project("{2150E333-8FDC-42A3-9474-1A3956D46DE8}") = "Solution Items", "Solution Items", "{9D0B1E2D-9525-464F-AA17-204DAB931115}"
	ProjectSection(SolutionItems) = preProject
		docker-compose.yml = docker-compose.yml
	EndProjectSection
EndProject
Project("{FAE04EC0-301F-11D3-BF4B-00C04F79EFBC}") = "PetFamily.Domain.UnitTests", "tests\PetFamily.Domain.UnitTests\PetFamily.Domain.UnitTests.csproj", "{BBB5F018-4604-4FF3-9580-3FFEE064C722}"
EndProject
Project("{FAE04EC0-301F-11D3-BF4B-00C04F79EFBC}") = "PetFamily.Application.UnitTests", "tests\PetFamily.Application.UnitTests\PetFamily.Application.UnitTests.csproj", "{2B3BA635-65BC-4FFD-85DB-E15E2C22759E}"
EndProject
Project("{FAE04EC0-301F-11D3-BF4B-00C04F79EFBC}") = "PetFamily.Volunteers.Application", "src\Volunteers\PetFamily.Volunteers.Application\PetFamily.Volunteers.Application.csproj", "{9376C74D-8887-4548-9E1D-AEF2F55282A8}"
EndProject
Project("{FAE04EC0-301F-11D3-BF4B-00C04F79EFBC}") = "PetFamily.Volunteers.Contracts", "src\Volunteers\PetFamily.Volunteers.Contracts\PetFamily.Volunteers.Contracts.csproj", "{1C55BEFC-9E62-4ACE-B788-B18E185CAC28}"
EndProject
Project("{2150E333-8FDC-42A3-9474-1A3956D46DE8}") = "tests", "tests", "{10E8F2DA-0573-464B-8F16-E8D4800B13A7}"
EndProject
Project("{FAE04EC0-301F-11D3-BF4B-00C04F79EFBC}") = "PetFamily.Volunteers.Domain", "src\Volunteers\PetFamily.Volunteers.Domain\PetFamily.Volunteers.Domain.csproj", "{7BC3C64B-A413-4FCC-B316-A785C091128C}"
EndProject
Project("{FAE04EC0-301F-11D3-BF4B-00C04F79EFBC}") = "PetFamily.Volunteers.Infrastructure", "src\Volunteers\PetFamily.Volunteers.Infrastructure\PetFamily.Volunteers.Infrastructure.csproj", "{662DDAAC-4D8E-4F31-B9A4-DFD9A4A14281}"
EndProject
Project("{FAE04EC0-301F-11D3-BF4B-00C04F79EFBC}") = "PetFamily.Volunteers.Presentation", "src\Volunteers\PetFamily.Volunteers.Presentation\PetFamily.Volunteers.Presentation.csproj", "{30CE9938-1F3F-4739-87C6-20455F98E831}"
EndProject
Project("{FAE04EC0-301F-11D3-BF4B-00C04F79EFBC}") = "PetFamily.Species.Application", "src\Species\PetFamily.Species.Application\PetFamily.Species.Application.csproj", "{5866FF14-29A1-40CB-B0AC-5DF7FD4878AD}"
EndProject
Project("{FAE04EC0-301F-11D3-BF4B-00C04F79EFBC}") = "PetFamily.Species.Contracts", "src\Species\PetFamily.Species.Contracts\PetFamily.Species.Contracts.csproj", "{9D5B4F5B-FA04-43F5-AC28-FF7462B366DC}"
EndProject
Project("{FAE04EC0-301F-11D3-BF4B-00C04F79EFBC}") = "PetFamily.Species.Domain", "src\Species\PetFamily.Species.Domain\PetFamily.Species.Domain.csproj", "{31DD7BE4-3FAB-4521-8B71-F6CC310DB13A}"
EndProject
Project("{FAE04EC0-301F-11D3-BF4B-00C04F79EFBC}") = "PetFamily.Species.Infrastructure", "src\Species\PetFamily.Species.Infrastructure\PetFamily.Species.Infrastructure.csproj", "{BE065201-15C3-49E2-9B6B-4DFF757505C5}"
EndProject
Project("{FAE04EC0-301F-11D3-BF4B-00C04F79EFBC}") = "PetFamily.Species.Presentation", "src\Species\PetFamily.Species.Presentation\PetFamily.Species.Presentation.csproj", "{83FAC85F-1721-4687-B133-5BD3C1D08B4D}"
EndProject
Project("{FAE04EC0-301F-11D3-BF4B-00C04F79EFBC}") = "PetFamily.Core", "src\Shared\PetFamily.Core\PetFamily.Core.csproj", "{7D52B312-BC7B-43C9-8510-66ED76DB7E04}"
EndProject
Project("{FAE04EC0-301F-11D3-BF4B-00C04F79EFBC}") = "PetFamily.SharedKernel", "src\Shared\PetFamily.SharedKernel\PetFamily.SharedKernel.csproj", "{39234DF9-02AF-484E-AE6E-3FE7A5D1404F}"
EndProject
Project("{FAE04EC0-301F-11D3-BF4B-00C04F79EFBC}") = "PetFamily.Framework", "src\Shared\PetFamily.Framework\PetFamily.Framework.csproj", "{A1992C93-9973-43C7-8D03-28AFFB346B5C}"
EndProject
Project("{2150E333-8FDC-42A3-9474-1A3956D46DE8}") = "Volunteers", "Volunteers", "{7D608A49-2AC5-42B4-A637-A18D1800764E}"
EndProject
Project("{2150E333-8FDC-42A3-9474-1A3956D46DE8}") = "Species", "Species", "{47DB9572-CC76-46FC-A54B-C03D9F331C4B}"
EndProject
Project("{2150E333-8FDC-42A3-9474-1A3956D46DE8}") = "Shared", "Shared", "{9BCCC78E-772D-4F61-BF4D-21FCD33B6680}"
EndProject
Project("{2150E333-8FDC-42A3-9474-1A3956D46DE8}") = "src", "src", "{7CFB222F-002F-4153-9630-68202641B8CC}"
EndProject
Project("{2150E333-8FDC-42A3-9474-1A3956D46DE8}") = "Accounts", "Accounts", "{506B6149-81C2-48D4-951C-BB1062AFE61C}"
EndProject
Project("{FAE04EC0-301F-11D3-BF4B-00C04F79EFBC}") = "PetFamily.Accounts.Application", "src\Accounts\PetFamily.Accounts.Application\PetFamily.Accounts.Application.csproj", "{B29747E8-5548-4328-8A94-A4A184C90427}"
EndProject
Project("{FAE04EC0-301F-11D3-BF4B-00C04F79EFBC}") = "PetFamily.Accounts.Contracts", "src\Accounts\PetFamily.Accounts.Contracts\PetFamily.Accounts.Contracts.csproj", "{B976D274-7BDC-4DD8-B553-68E970DD8863}"
EndProject
Project("{FAE04EC0-301F-11D3-BF4B-00C04F79EFBC}") = "PetFamily.Accounts.Domain", "src\Accounts\PetFamily.Accounts.Domain\PetFamily.Accounts.Domain.csproj", "{E5F6CD16-A78C-4877-AA93-6B4BA3074B28}"
EndProject
Project("{FAE04EC0-301F-11D3-BF4B-00C04F79EFBC}") = "PetFamily.Accounts.Infrastructure", "src\Accounts\PetFamily.Accounts.Infrastructure\PetFamily.Accounts.Infrastructure.csproj", "{692AE13A-4DC6-4DED-A48F-C96518833866}"
EndProject
Project("{FAE04EC0-301F-11D3-BF4B-00C04F79EFBC}") = "PetFamily.Accounts.Presentation", "src\Accounts\PetFamily.Accounts.Presentation\PetFamily.Accounts.Presentation.csproj", "{DB70FC7B-C589-4C09-AE14-BB5388023A0D}"
EndProject
Global
	GlobalSection(SolutionConfigurationPlatforms) = preSolution
		Debug|Any CPU = Debug|Any CPU
		Release|Any CPU = Release|Any CPU
	EndGlobalSection
	GlobalSection(SolutionProperties) = preSolution
		HideSolutionNode = FALSE
	EndGlobalSection
	GlobalSection(ProjectConfigurationPlatforms) = postSolution
		{9CC75E2F-A1A1-4C17-97E0-81F9A7D16AF2}.Debug|Any CPU.ActiveCfg = Debug|Any CPU
		{9CC75E2F-A1A1-4C17-97E0-81F9A7D16AF2}.Debug|Any CPU.Build.0 = Debug|Any CPU
		{9CC75E2F-A1A1-4C17-97E0-81F9A7D16AF2}.Release|Any CPU.ActiveCfg = Release|Any CPU
		{9CC75E2F-A1A1-4C17-97E0-81F9A7D16AF2}.Release|Any CPU.Build.0 = Release|Any CPU
		{BBB5F018-4604-4FF3-9580-3FFEE064C722}.Debug|Any CPU.ActiveCfg = Debug|Any CPU
		{BBB5F018-4604-4FF3-9580-3FFEE064C722}.Debug|Any CPU.Build.0 = Debug|Any CPU
		{BBB5F018-4604-4FF3-9580-3FFEE064C722}.Release|Any CPU.ActiveCfg = Release|Any CPU
		{BBB5F018-4604-4FF3-9580-3FFEE064C722}.Release|Any CPU.Build.0 = Release|Any CPU
		{2B3BA635-65BC-4FFD-85DB-E15E2C22759E}.Debug|Any CPU.ActiveCfg = Debug|Any CPU
		{2B3BA635-65BC-4FFD-85DB-E15E2C22759E}.Debug|Any CPU.Build.0 = Debug|Any CPU
		{2B3BA635-65BC-4FFD-85DB-E15E2C22759E}.Release|Any CPU.ActiveCfg = Release|Any CPU
		{2B3BA635-65BC-4FFD-85DB-E15E2C22759E}.Release|Any CPU.Build.0 = Release|Any CPU
		{9376C74D-8887-4548-9E1D-AEF2F55282A8}.Debug|Any CPU.ActiveCfg = Debug|Any CPU
		{9376C74D-8887-4548-9E1D-AEF2F55282A8}.Debug|Any CPU.Build.0 = Debug|Any CPU
		{9376C74D-8887-4548-9E1D-AEF2F55282A8}.Release|Any CPU.ActiveCfg = Release|Any CPU
		{9376C74D-8887-4548-9E1D-AEF2F55282A8}.Release|Any CPU.Build.0 = Release|Any CPU
		{1C55BEFC-9E62-4ACE-B788-B18E185CAC28}.Debug|Any CPU.ActiveCfg = Debug|Any CPU
		{1C55BEFC-9E62-4ACE-B788-B18E185CAC28}.Debug|Any CPU.Build.0 = Debug|Any CPU
		{1C55BEFC-9E62-4ACE-B788-B18E185CAC28}.Release|Any CPU.ActiveCfg = Release|Any CPU
		{1C55BEFC-9E62-4ACE-B788-B18E185CAC28}.Release|Any CPU.Build.0 = Release|Any CPU
		{7BC3C64B-A413-4FCC-B316-A785C091128C}.Debug|Any CPU.ActiveCfg = Debug|Any CPU
		{7BC3C64B-A413-4FCC-B316-A785C091128C}.Debug|Any CPU.Build.0 = Debug|Any CPU
		{7BC3C64B-A413-4FCC-B316-A785C091128C}.Release|Any CPU.ActiveCfg = Release|Any CPU
		{7BC3C64B-A413-4FCC-B316-A785C091128C}.Release|Any CPU.Build.0 = Release|Any CPU
		{662DDAAC-4D8E-4F31-B9A4-DFD9A4A14281}.Debug|Any CPU.ActiveCfg = Debug|Any CPU
		{662DDAAC-4D8E-4F31-B9A4-DFD9A4A14281}.Debug|Any CPU.Build.0 = Debug|Any CPU
		{662DDAAC-4D8E-4F31-B9A4-DFD9A4A14281}.Release|Any CPU.ActiveCfg = Release|Any CPU
		{662DDAAC-4D8E-4F31-B9A4-DFD9A4A14281}.Release|Any CPU.Build.0 = Release|Any CPU
		{30CE9938-1F3F-4739-87C6-20455F98E831}.Debug|Any CPU.ActiveCfg = Debug|Any CPU
		{30CE9938-1F3F-4739-87C6-20455F98E831}.Debug|Any CPU.Build.0 = Debug|Any CPU
		{30CE9938-1F3F-4739-87C6-20455F98E831}.Release|Any CPU.ActiveCfg = Release|Any CPU
		{30CE9938-1F3F-4739-87C6-20455F98E831}.Release|Any CPU.Build.0 = Release|Any CPU
		{5866FF14-29A1-40CB-B0AC-5DF7FD4878AD}.Debug|Any CPU.ActiveCfg = Debug|Any CPU
		{5866FF14-29A1-40CB-B0AC-5DF7FD4878AD}.Debug|Any CPU.Build.0 = Debug|Any CPU
		{5866FF14-29A1-40CB-B0AC-5DF7FD4878AD}.Release|Any CPU.ActiveCfg = Release|Any CPU
		{5866FF14-29A1-40CB-B0AC-5DF7FD4878AD}.Release|Any CPU.Build.0 = Release|Any CPU
		{9D5B4F5B-FA04-43F5-AC28-FF7462B366DC}.Debug|Any CPU.ActiveCfg = Debug|Any CPU
		{9D5B4F5B-FA04-43F5-AC28-FF7462B366DC}.Debug|Any CPU.Build.0 = Debug|Any CPU
		{9D5B4F5B-FA04-43F5-AC28-FF7462B366DC}.Release|Any CPU.ActiveCfg = Release|Any CPU
		{9D5B4F5B-FA04-43F5-AC28-FF7462B366DC}.Release|Any CPU.Build.0 = Release|Any CPU
		{31DD7BE4-3FAB-4521-8B71-F6CC310DB13A}.Debug|Any CPU.ActiveCfg = Debug|Any CPU
		{31DD7BE4-3FAB-4521-8B71-F6CC310DB13A}.Debug|Any CPU.Build.0 = Debug|Any CPU
		{31DD7BE4-3FAB-4521-8B71-F6CC310DB13A}.Release|Any CPU.ActiveCfg = Release|Any CPU
		{31DD7BE4-3FAB-4521-8B71-F6CC310DB13A}.Release|Any CPU.Build.0 = Release|Any CPU
		{BE065201-15C3-49E2-9B6B-4DFF757505C5}.Debug|Any CPU.ActiveCfg = Debug|Any CPU
		{BE065201-15C3-49E2-9B6B-4DFF757505C5}.Debug|Any CPU.Build.0 = Debug|Any CPU
		{BE065201-15C3-49E2-9B6B-4DFF757505C5}.Release|Any CPU.ActiveCfg = Release|Any CPU
		{BE065201-15C3-49E2-9B6B-4DFF757505C5}.Release|Any CPU.Build.0 = Release|Any CPU
		{83FAC85F-1721-4687-B133-5BD3C1D08B4D}.Debug|Any CPU.ActiveCfg = Debug|Any CPU
		{83FAC85F-1721-4687-B133-5BD3C1D08B4D}.Debug|Any CPU.Build.0 = Debug|Any CPU
		{83FAC85F-1721-4687-B133-5BD3C1D08B4D}.Release|Any CPU.ActiveCfg = Release|Any CPU
		{83FAC85F-1721-4687-B133-5BD3C1D08B4D}.Release|Any CPU.Build.0 = Release|Any CPU
		{7D52B312-BC7B-43C9-8510-66ED76DB7E04}.Debug|Any CPU.ActiveCfg = Debug|Any CPU
		{7D52B312-BC7B-43C9-8510-66ED76DB7E04}.Debug|Any CPU.Build.0 = Debug|Any CPU
		{7D52B312-BC7B-43C9-8510-66ED76DB7E04}.Release|Any CPU.ActiveCfg = Release|Any CPU
		{7D52B312-BC7B-43C9-8510-66ED76DB7E04}.Release|Any CPU.Build.0 = Release|Any CPU
		{39234DF9-02AF-484E-AE6E-3FE7A5D1404F}.Debug|Any CPU.ActiveCfg = Debug|Any CPU
		{39234DF9-02AF-484E-AE6E-3FE7A5D1404F}.Debug|Any CPU.Build.0 = Debug|Any CPU
		{39234DF9-02AF-484E-AE6E-3FE7A5D1404F}.Release|Any CPU.ActiveCfg = Release|Any CPU
		{39234DF9-02AF-484E-AE6E-3FE7A5D1404F}.Release|Any CPU.Build.0 = Release|Any CPU
		{A1992C93-9973-43C7-8D03-28AFFB346B5C}.Debug|Any CPU.ActiveCfg = Debug|Any CPU
		{A1992C93-9973-43C7-8D03-28AFFB346B5C}.Debug|Any CPU.Build.0 = Debug|Any CPU
		{A1992C93-9973-43C7-8D03-28AFFB346B5C}.Release|Any CPU.ActiveCfg = Release|Any CPU
		{A1992C93-9973-43C7-8D03-28AFFB346B5C}.Release|Any CPU.Build.0 = Release|Any CPU
		{B29747E8-5548-4328-8A94-A4A184C90427}.Debug|Any CPU.ActiveCfg = Debug|Any CPU
		{B29747E8-5548-4328-8A94-A4A184C90427}.Debug|Any CPU.Build.0 = Debug|Any CPU
		{B29747E8-5548-4328-8A94-A4A184C90427}.Release|Any CPU.ActiveCfg = Release|Any CPU
		{B29747E8-5548-4328-8A94-A4A184C90427}.Release|Any CPU.Build.0 = Release|Any CPU
		{B976D274-7BDC-4DD8-B553-68E970DD8863}.Debug|Any CPU.ActiveCfg = Debug|Any CPU
		{B976D274-7BDC-4DD8-B553-68E970DD8863}.Debug|Any CPU.Build.0 = Debug|Any CPU
		{B976D274-7BDC-4DD8-B553-68E970DD8863}.Release|Any CPU.ActiveCfg = Release|Any CPU
		{B976D274-7BDC-4DD8-B553-68E970DD8863}.Release|Any CPU.Build.0 = Release|Any CPU
		{E5F6CD16-A78C-4877-AA93-6B4BA3074B28}.Debug|Any CPU.ActiveCfg = Debug|Any CPU
		{E5F6CD16-A78C-4877-AA93-6B4BA3074B28}.Debug|Any CPU.Build.0 = Debug|Any CPU
		{E5F6CD16-A78C-4877-AA93-6B4BA3074B28}.Release|Any CPU.ActiveCfg = Release|Any CPU
		{E5F6CD16-A78C-4877-AA93-6B4BA3074B28}.Release|Any CPU.Build.0 = Release|Any CPU
		{692AE13A-4DC6-4DED-A48F-C96518833866}.Debug|Any CPU.ActiveCfg = Debug|Any CPU
		{692AE13A-4DC6-4DED-A48F-C96518833866}.Debug|Any CPU.Build.0 = Debug|Any CPU
		{692AE13A-4DC6-4DED-A48F-C96518833866}.Release|Any CPU.ActiveCfg = Release|Any CPU
		{692AE13A-4DC6-4DED-A48F-C96518833866}.Release|Any CPU.Build.0 = Release|Any CPU
		{DB70FC7B-C589-4C09-AE14-BB5388023A0D}.Debug|Any CPU.ActiveCfg = Debug|Any CPU
		{DB70FC7B-C589-4C09-AE14-BB5388023A0D}.Debug|Any CPU.Build.0 = Debug|Any CPU
		{DB70FC7B-C589-4C09-AE14-BB5388023A0D}.Release|Any CPU.ActiveCfg = Release|Any CPU
		{DB70FC7B-C589-4C09-AE14-BB5388023A0D}.Release|Any CPU.Build.0 = Release|Any CPU
	EndGlobalSection
	GlobalSection(NestedProjects) = preSolution
		{2B3BA635-65BC-4FFD-85DB-E15E2C22759E} = {10E8F2DA-0573-464B-8F16-E8D4800B13A7}
		{BBB5F018-4604-4FF3-9580-3FFEE064C722} = {10E8F2DA-0573-464B-8F16-E8D4800B13A7}
		{9376C74D-8887-4548-9E1D-AEF2F55282A8} = {7D608A49-2AC5-42B4-A637-A18D1800764E}
		{1C55BEFC-9E62-4ACE-B788-B18E185CAC28} = {7D608A49-2AC5-42B4-A637-A18D1800764E}
		{7BC3C64B-A413-4FCC-B316-A785C091128C} = {7D608A49-2AC5-42B4-A637-A18D1800764E}
		{662DDAAC-4D8E-4F31-B9A4-DFD9A4A14281} = {7D608A49-2AC5-42B4-A637-A18D1800764E}
		{30CE9938-1F3F-4739-87C6-20455F98E831} = {7D608A49-2AC5-42B4-A637-A18D1800764E}
		{5866FF14-29A1-40CB-B0AC-5DF7FD4878AD} = {47DB9572-CC76-46FC-A54B-C03D9F331C4B}
		{9D5B4F5B-FA04-43F5-AC28-FF7462B366DC} = {47DB9572-CC76-46FC-A54B-C03D9F331C4B}
		{31DD7BE4-3FAB-4521-8B71-F6CC310DB13A} = {47DB9572-CC76-46FC-A54B-C03D9F331C4B}
		{BE065201-15C3-49E2-9B6B-4DFF757505C5} = {47DB9572-CC76-46FC-A54B-C03D9F331C4B}
		{83FAC85F-1721-4687-B133-5BD3C1D08B4D} = {47DB9572-CC76-46FC-A54B-C03D9F331C4B}
		{7D52B312-BC7B-43C9-8510-66ED76DB7E04} = {9BCCC78E-772D-4F61-BF4D-21FCD33B6680}
		{A1992C93-9973-43C7-8D03-28AFFB346B5C} = {9BCCC78E-772D-4F61-BF4D-21FCD33B6680}
		{39234DF9-02AF-484E-AE6E-3FE7A5D1404F} = {9BCCC78E-772D-4F61-BF4D-21FCD33B6680}
		{7D608A49-2AC5-42B4-A637-A18D1800764E} = {7CFB222F-002F-4153-9630-68202641B8CC}
		{47DB9572-CC76-46FC-A54B-C03D9F331C4B} = {7CFB222F-002F-4153-9630-68202641B8CC}
		{9BCCC78E-772D-4F61-BF4D-21FCD33B6680} = {7CFB222F-002F-4153-9630-68202641B8CC}
		{9CC75E2F-A1A1-4C17-97E0-81F9A7D16AF2} = {7CFB222F-002F-4153-9630-68202641B8CC}
		{506B6149-81C2-48D4-951C-BB1062AFE61C} = {7CFB222F-002F-4153-9630-68202641B8CC}
		{B29747E8-5548-4328-8A94-A4A184C90427} = {506B6149-81C2-48D4-951C-BB1062AFE61C}
		{B976D274-7BDC-4DD8-B553-68E970DD8863} = {506B6149-81C2-48D4-951C-BB1062AFE61C}
		{E5F6CD16-A78C-4877-AA93-6B4BA3074B28} = {506B6149-81C2-48D4-951C-BB1062AFE61C}
		{692AE13A-4DC6-4DED-A48F-C96518833866} = {506B6149-81C2-48D4-951C-BB1062AFE61C}
		{DB70FC7B-C589-4C09-AE14-BB5388023A0D} = {506B6149-81C2-48D4-951C-BB1062AFE61C}
	EndGlobalSection
EndGlobal
